
Microsoft Visual Studio Solution File, Format Version 12.00
# Visual Studio Version 16
VisualStudioVersion = 16.0.31605.320
MinimumVisualStudioVersion = 10.0.40219.1
Project("{FAE04EC0-301F-11D3-BF4B-00C04F79EFBC}") = "MemoriaColectiva.Api.Usuarios", "MemoriaColectiva.Api.Usuarios\MemoriaColectiva.Api.Usuarios.csproj", "{6B3FB4EE-B996-47EA-8E60-C40EAF46A53B}"
EndProject
Project("{FAE04EC0-301F-11D3-BF4B-00C04F79EFBC}") = "MemoriaColectiva.Api.Direccion", "MemoriaColectiva.api.Direccion\MemoriaColectiva.Api.Direccion.csproj", "{E723C938-8A20-4187-805E-6A34B985CBB0}"
EndProject
Global
	GlobalSection(SolutionConfigurationPlatforms) = preSolution
		Debug|Any CPU = Debug|Any CPU
		Release|Any CPU = Release|Any CPU
	EndGlobalSection
	GlobalSection(ProjectConfigurationPlatforms) = postSolution
		{6B3FB4EE-B996-47EA-8E60-C40EAF46A53B}.Debug|Any CPU.ActiveCfg = Debug|Any CPU
		{6B3FB4EE-B996-47EA-8E60-C40EAF46A53B}.Debug|Any CPU.Build.0 = Debug|Any CPU
		{6B3FB4EE-B996-47EA-8E60-C40EAF46A53B}.Release|Any CPU.ActiveCfg = Release|Any CPU
		{6B3FB4EE-B996-47EA-8E60-C40EAF46A53B}.Release|Any CPU.Build.0 = Release|Any CPU
		{E723C938-8A20-4187-805E-6A34B985CBB0}.Debug|Any CPU.ActiveCfg = Debug|Any CPU
		{E723C938-8A20-4187-805E-6A34B985CBB0}.Debug|Any CPU.Build.0 = Debug|Any CPU
		{E723C938-8A20-4187-805E-6A34B985CBB0}.Release|Any CPU.ActiveCfg = Release|Any CPU
		{E723C938-8A20-4187-805E-6A34B985CBB0}.Release|Any CPU.Build.0 = Release|Any CPU
	EndGlobalSection
	GlobalSection(SolutionProperties) = preSolution
		HideSolutionNode = FALSE
	EndGlobalSection
	GlobalSection(ExtensibilityGlobals) = postSolution
		SolutionGuid = {C70F5588-3351-4C75-87C1-9BD5EE415E3D}
	EndGlobalSection
EndGlobal
